
Microsoft Visual Studio Solution File, Format Version 12.00
# Visual Studio Version 17
VisualStudioVersion = 17.14.36705.20 d17.14
MinimumVisualStudioVersion = 10.0.40219.1
Project("{FAE04EC0-301F-11D3-BF4B-00C04F79EFBC}") = "DATA FILTER", "DATA FILTER.csproj", "{D27EDB82-468F-488B-9128-1A102CAB75AC}"
EndProject
Global
	GlobalSection(SolutionConfigurationPlatforms) = preSolution
		Debug|Any CPU = Debug|Any CPU
		Release|Any CPU = Release|Any CPU
	EndGlobalSection
	GlobalSection(ProjectConfigurationPlatforms) = postSolution
		{D27EDB82-468F-488B-9128-1A102CAB75AC}.Debug|Any CPU.ActiveCfg = Debug|Any CPU
		{D27EDB82-468F-488B-9128-1A102CAB75AC}.Debug|Any CPU.Build.0 = Debug|Any CPU
		{D27EDB82-468F-488B-9128-1A102CAB75AC}.Release|Any CPU.ActiveCfg = Release|Any CPU
		{D27EDB82-468F-488B-9128-1A102CAB75AC}.Release|Any CPU.Build.0 = Release|Any CPU
	EndGlobalSection
	GlobalSection(SolutionProperties) = preSolution
		HideSolutionNode = FALSE
	EndGlobalSection
	GlobalSection(ExtensibilityGlobals) = postSolution
		SolutionGuid = {E53ECAE9-CBC4-4DE3-A824-FCCF3565E6DE}
	EndGlobalSection
EndGlobal
